# This file is automatically @generated by Cargo.
# It is not intended for manual editing.
[[package]]
name = "diwag"
version = "0.1.0"
dependencies = [
 "lang-c",
]

[[package]]
name = "lang-c"
version = "0.9.0"
source = "registry+https://github.com/rust-lang/crates.io-index"
checksum = "5c4db1cb9a398cb3a595d3ffa2adb3d04368a09df33b16f4d49b30d1ead1bf70"
